{
  "version": 4,
  "terraform_version": "1.9.8",
  "serial": 11,
  "lineage": "46534817-8dfa-b444-3462-ad9b78845900",
  "outputs": {},
  "resources": [
    {
      "mode": "data",
      "type": "azurerm_client_config",
      "name": "current",
      "provider": "provider[\"registry.terraform.io/hashicorp/azurerm\"]",
      "instances": [
        {
          "schema_version": 0,
          "attributes": {
            "client_id": "04b07795-8ddb-461a-bbee-02f9e1bf7b46",
            "id": "2024-11-01 12:25:37.4516503 +0000 UTC",
            "object_id": "b9509061-a15b-4493-856a-10983fed4732",
            "subscription_id": "7fca6ef1-e067-4699-9f0f-b8e9b696f996",
            "tenant_id": "13191850-9259-4961-a040-ae55d6dfb223",
            "timeouts": null
          },
          "sensitive_attributes": []
        }
      ]
    },
    {
      "mode": "managed",
      "type": "azurerm_resource_group",
      "name": "aks_rg",
      "provider": "provider[\"registry.terraform.io/hashicorp/azurerm\"]",
      "instances": [
        {
          "schema_version": 0,
          "attributes": {
            "id": "/subscriptions/7fca6ef1-e067-4699-9f0f-b8e9b696f996/resourceGroups/sandhya_rg",
            "location": "eastus",
            "name": "sandhya_rg",
            "tags": null,
            "timeouts": null
          },
          "sensitive_attributes": [],
          "private": "eyJlMmJmYjczMC1lY2FhLTExZTYtOGY4OC0zNDM2M2JjN2M0YzAiOnsiY3JlYXRlIjo1NDAwMDAwMDAwMDAwLCJkZWxldGUiOjU0MDAwMDAwMDAwMDAsInJlYWQiOjMwMDAwMDAwMDAwMCwidXBkYXRlIjo1NDAwMDAwMDAwMDAwfX0="
        }
      ]
    }
  ],
  "check_results": null
}
